
Microsoft Visual Studio Solution File, Format Version 12.00
# Visual Studio 14
VisualStudioVersion = 14.0.24720.0
MinimumVisualStudioVersion = 10.0.40219.1
Project("{FAE04EC0-301F-11D3-BF4B-00C04F79EFBC}") = "SurveyGenerator", "SurveyGenerator\SurveyGenerator.csproj", "{93FB3CA3-E59E-4AE0-B440-EE61A111E5B2}"
EndProject
Project("{FAE04EC0-301F-11D3-BF4B-00C04F79EFBC}") = "SurveyGenerator.Tests", "SurveyGenerator.Tests\SurveyGenerator.Tests.csproj", "{89B71751-7D3A-4799-A102-5272C7909934}"
EndProject
Global
	GlobalSection(SolutionConfigurationPlatforms) = preSolution
		Debug|Any CPU = Debug|Any CPU
		Release|Any CPU = Release|Any CPU
	EndGlobalSection
	GlobalSection(ProjectConfigurationPlatforms) = postSolution
		{93FB3CA3-E59E-4AE0-B440-EE61A111E5B2}.Debug|Any CPU.ActiveCfg = Debug|Any CPU
		{93FB3CA3-E59E-4AE0-B440-EE61A111E5B2}.Debug|Any CPU.Build.0 = Debug|Any CPU
		{93FB3CA3-E59E-4AE0-B440-EE61A111E5B2}.Release|Any CPU.ActiveCfg = Release|Any CPU
		{93FB3CA3-E59E-4AE0-B440-EE61A111E5B2}.Release|Any CPU.Build.0 = Release|Any CPU
		{89B71751-7D3A-4799-A102-5272C7909934}.Debug|Any CPU.ActiveCfg = Debug|Any CPU
		{89B71751-7D3A-4799-A102-5272C7909934}.Debug|Any CPU.Build.0 = Debug|Any CPU
		{89B71751-7D3A-4799-A102-5272C7909934}.Release|Any CPU.ActiveCfg = Release|Any CPU
		{89B71751-7D3A-4799-A102-5272C7909934}.Release|Any CPU.Build.0 = Release|Any CPU
	EndGlobalSection
	GlobalSection(SolutionProperties) = preSolution
		HideSolutionNode = FALSE
	EndGlobalSection
EndGlobal
